// !$*UTF8*$!
{
	archiveVersion = 1;
	classes = {
	};
	objectVersion = 56;
	objects = {

/* Begin PBXBuildFile section */
		6F0F6A432AFEE28400DD5F7A /* AppleAuth.swift in Sources */ = {isa = PBXBuildFile; fileRef = 6F0F6A422AFEE28400DD5F7A /* AppleAuth.swift */; };
		6F0F6A4B2B0038C200DD5F7A /* TableView.swift in Sources */ = {isa = PBXBuildFile; fileRef = 6F0F6A4A2B0038C200DD5F7A /* TableView.swift */; };
		6F0F6A542B00437000DD5F7A /* TabBarViewController.swift in Sources */ = {isa = PBXBuildFile; fileRef = 6F0F6A532B00437000DD5F7A /* TabBarViewController.swift */; };
		6F187F322AD4A891005B40B7 /* FireReporter + UIColor.swift in Sources */ = {isa = PBXBuildFile; fileRef = 6F187F312AD4A891005B40B7 /* FireReporter + UIColor.swift */; };
		6F1A75552AE8778E007C9029 /* ProfileViewModel.swift in Sources */ = {isa = PBXBuildFile; fileRef = 6F1A75542AE8778E007C9029 /* ProfileViewModel.swift */; };
		6F1A75572AE9064B007C9029 /* GoogleService-Info.plist in Resources */ = {isa = PBXBuildFile; fileRef = 6F1A75562AE9064B007C9029 /* GoogleService-Info.plist */; };
		6F1DD2002AD054BD00226345 /* MapViewController.swift in Sources */ = {isa = PBXBuildFile; fileRef = 6F1DD1FF2AD054BD00226345 /* MapViewController.swift */; };
		6F1DD2042AD204FD00226345 /* FireReporter + UIAlertControllerExtension.swift in Sources */ = {isa = PBXBuildFile; fileRef = 6F1DD2032AD204FD00226345 /* FireReporter + UIAlertControllerExtension.swift */; };
		6F1DD2062AD2051000226345 /* UIAlertModel.swift in Sources */ = {isa = PBXBuildFile; fileRef = 6F1DD2052AD2051000226345 /* UIAlertModel.swift */; };
		6F1F8F722AFD83CF00A5CFEA /* ViewControllerPreview.swift in Sources */ = {isa = PBXBuildFile; fileRef = 6F1F8F712AFD83CF00A5CFEA /* ViewControllerPreview.swift */; };
		6F252CC52AE2889700BE8439 /* GoogleSignIn in Frameworks */ = {isa = PBXBuildFile; productRef = 6F252CC42AE2889700BE8439 /* GoogleSignIn */; };
		6F252CC72AE2889700BE8439 /* GoogleSignInSwift in Frameworks */ = {isa = PBXBuildFile; productRef = 6F252CC62AE2889700BE8439 /* GoogleSignInSwift */; };
		6F252CCC2AE2CC3600BE8439 /* FacebookCore in Frameworks */ = {isa = PBXBuildFile; productRef = 6F252CCB2AE2CC3600BE8439 /* FacebookCore */; };
		6F252CCE2AE2CC3600BE8439 /* FacebookLogin in Frameworks */ = {isa = PBXBuildFile; productRef = 6F252CCD2AE2CC3600BE8439 /* FacebookLogin */; };
		6F252CD42AE4040A00BE8439 /* FirebaseService.swift in Sources */ = {isa = PBXBuildFile; fileRef = 6F252CD32AE4040A00BE8439 /* FirebaseService.swift */; };
		6F3D9F6F2AD59AC80056F4C5 /* CameraViewModel.swift in Sources */ = {isa = PBXBuildFile; fileRef = 6F3D9F6E2AD59AC80056F4C5 /* CameraViewModel.swift */; };
		6F3D9F722AD5F52C0056F4C5 /* ProfileViewController.swift in Sources */ = {isa = PBXBuildFile; fileRef = 6F3D9F712AD5F52C0056F4C5 /* ProfileViewController.swift */; };
		6F3D9F742AD5F5580056F4C5 /* ReportListCustomTableViewCell.swift in Sources */ = {isa = PBXBuildFile; fileRef = 6F3D9F732AD5F5580056F4C5 /* ReportListCustomTableViewCell.swift */; };
		6F494D522AF014C5001036DE /* Vote.swift in Sources */ = {isa = PBXBuildFile; fileRef = 6F494D512AF014C5001036DE /* Vote.swift */; };
		6F581ECA2AF1CF9500CFAD93 /* PreviewReport.swift in Sources */ = {isa = PBXBuildFile; fileRef = 6F581EC92AF1CF9500CFAD93 /* PreviewReport.swift */; };
		6F5BC1BD2AF7E97900C8E218 /* Keychain.swift in Sources */ = {isa = PBXBuildFile; fileRef = 6F5BC1BC2AF7E97900C8E218 /* Keychain.swift */; };
		6F5BC1C02AF945B000C8E218 /* SuccessMessageViewController.swift in Sources */ = {isa = PBXBuildFile; fileRef = 6F5BC1BF2AF945B000C8E218 /* SuccessMessageViewController.swift */; };
		6F7E79D62AE9C75E00B12C51 /* User.swift in Sources */ = {isa = PBXBuildFile; fileRef = 6F7E79D52AE9C75E00B12C51 /* User.swift */; };
		6F927C1F2ADB21DA000FD630 /* FinalReportViewModel.swift in Sources */ = {isa = PBXBuildFile; fileRef = 6F927C1E2ADB21DA000FD630 /* FinalReportViewModel.swift */; };
		6F927C212ADB2551000FD630 /* MapViewModel.swift in Sources */ = {isa = PBXBuildFile; fileRef = 6F927C202ADB2551000FD630 /* MapViewModel.swift */; };
		6F9304C72AFA8B49006892E7 /* FirebaseRemoteConfig in Frameworks */ = {isa = PBXBuildFile; productRef = 6F9304C62AFA8B49006892E7 /* FirebaseRemoteConfig */; };
		6F99E86B2AEBF06000ABA7A0 /* FacebookShare in Frameworks */ = {isa = PBXBuildFile; productRef = 6F99E86A2AEBF06000ABA7A0 /* FacebookShare */; };
		6FCE0EF82AE26EBC00FE3159 /* UserReportedLocationsViewController.swift in Sources */ = {isa = PBXBuildFile; fileRef = 6FCE0EF72AE26EBC00FE3159 /* UserReportedLocationsViewController.swift */; };
		6FE3FB7D2ADDDF9A00F39F10 /* FirebaseAuth in Frameworks */ = {isa = PBXBuildFile; productRef = 6FE3FB7C2ADDDF9A00F39F10 /* FirebaseAuth */; };
		6FE3FB7F2ADDDF9A00F39F10 /* FirebaseFirestore in Frameworks */ = {isa = PBXBuildFile; productRef = 6FE3FB7E2ADDDF9A00F39F10 /* FirebaseFirestore */; };
		6FE3FB832ADE717000F39F10 /* FireReport.swift in Sources */ = {isa = PBXBuildFile; fileRef = 6FE3FB822ADE717000F39F10 /* FireReport.swift */; };
		6FE9013D2ACC51FC00984C73 /* AppDelegate.swift in Sources */ = {isa = PBXBuildFile; fileRef = 6FE9013C2ACC51FC00984C73 /* AppDelegate.swift */; };
		6FE9013F2ACC51FC00984C73 /* SceneDelegate.swift in Sources */ = {isa = PBXBuildFile; fileRef = 6FE9013E2ACC51FC00984C73 /* SceneDelegate.swift */; };
		6FE901412ACC51FC00984C73 /* CameraViewController.swift in Sources */ = {isa = PBXBuildFile; fileRef = 6FE901402ACC51FC00984C73 /* CameraViewController.swift */; };
		6FE901462ACC51FE00984C73 /* Assets.xcassets in Resources */ = {isa = PBXBuildFile; fileRef = 6FE901452ACC51FE00984C73 /* Assets.xcassets */; };
		6FE901492ACC51FE00984C73 /* LaunchScreen.storyboard in Resources */ = {isa = PBXBuildFile; fileRef = 6FE901472ACC51FE00984C73 /* LaunchScreen.storyboard */; };
		6FE901542ACC51FF00984C73 /* FireReporterTests.swift in Sources */ = {isa = PBXBuildFile; fileRef = 6FE901532ACC51FF00984C73 /* FireReporterTests.swift */; };
		6FE9015E2ACC51FF00984C73 /* FireReporterUITests.swift in Sources */ = {isa = PBXBuildFile; fileRef = 6FE9015D2ACC51FF00984C73 /* FireReporterUITests.swift */; };
		6FE901602ACC51FF00984C73 /* FireReporterUITestsLaunchTests.swift in Sources */ = {isa = PBXBuildFile; fileRef = 6FE9015F2ACC51FF00984C73 /* FireReporterUITestsLaunchTests.swift */; };
		6FEDE2BE2ACF018400D77FE2 /* NavigationController.swift in Sources */ = {isa = PBXBuildFile; fileRef = 6FEDE2BD2ACF018400D77FE2 /* NavigationController.swift */; };
		6FFD0DCB2AD30496001F64BA /* FinalReportViewController.swift in Sources */ = {isa = PBXBuildFile; fileRef = 6FFD0DCA2AD30496001F64BA /* FinalReportViewController.swift */; };
		6FFF6BEB2AFECD380009E2AC /* Authentication.swift in Sources */ = {isa = PBXBuildFile; fileRef = 6FFF6BEA2AFECD380009E2AC /* Authentication.swift */; };
/* End PBXBuildFile section */

/* Begin PBXContainerItemProxy section */
		6FE901502ACC51FF00984C73 /* PBXContainerItemProxy */ = {
			isa = PBXContainerItemProxy;
			containerPortal = 6FE901312ACC51FC00984C73 /* Project object */;
			proxyType = 1;
			remoteGlobalIDString = 6FE901382ACC51FC00984C73;
			remoteInfo = FireReporter;
		};
		6FE9015A2ACC51FF00984C73 /* PBXContainerItemProxy */ = {
			isa = PBXContainerItemProxy;
			containerPortal = 6FE901312ACC51FC00984C73 /* Project object */;
			proxyType = 1;
			remoteGlobalIDString = 6FE901382ACC51FC00984C73;
			remoteInfo = FireReporter;
		};
/* End PBXContainerItemProxy section */

/* Begin PBXFileReference section */
		6F0F6A422AFEE28400DD5F7A /* AppleAuth.swift */ = {isa = PBXFileReference; lastKnownFileType = sourcecode.swift; path = AppleAuth.swift; sourceTree = "<group>"; };
		6F0F6A4A2B0038C200DD5F7A /* TableView.swift */ = {isa = PBXFileReference; lastKnownFileType = sourcecode.swift; path = TableView.swift; sourceTree = "<group>"; };
		6F0F6A532B00437000DD5F7A /* TabBarViewController.swift */ = {isa = PBXFileReference; lastKnownFileType = sourcecode.swift; path = TabBarViewController.swift; sourceTree = "<group>"; };
		6F0F6A552B0045F100DD5F7A /* FireReporter.entitlements */ = {isa = PBXFileReference; lastKnownFileType = text.plist.entitlements; path = FireReporter.entitlements; sourceTree = "<group>"; };
		6F187F312AD4A891005B40B7 /* FireReporter + UIColor.swift */ = {isa = PBXFileReference; lastKnownFileType = sourcecode.swift; path = "FireReporter + UIColor.swift"; sourceTree = "<group>"; };
		6F1A75542AE8778E007C9029 /* ProfileViewModel.swift */ = {isa = PBXFileReference; lastKnownFileType = sourcecode.swift; path = ProfileViewModel.swift; sourceTree = "<group>"; };
		6F1A75562AE9064B007C9029 /* GoogleService-Info.plist */ = {isa = PBXFileReference; fileEncoding = 4; lastKnownFileType = text.plist.xml; path = "GoogleService-Info.plist"; sourceTree = "<group>"; };
		6F1DD1FF2AD054BD00226345 /* MapViewController.swift */ = {isa = PBXFileReference; lastKnownFileType = sourcecode.swift; path = MapViewController.swift; sourceTree = "<group>"; };
		6F1DD2032AD204FD00226345 /* FireReporter + UIAlertControllerExtension.swift */ = {isa = PBXFileReference; lastKnownFileType = sourcecode.swift; path = "FireReporter + UIAlertControllerExtension.swift"; sourceTree = "<group>"; };
		6F1DD2052AD2051000226345 /* UIAlertModel.swift */ = {isa = PBXFileReference; lastKnownFileType = sourcecode.swift; path = UIAlertModel.swift; sourceTree = "<group>"; };
		6F1F8F712AFD83CF00A5CFEA /* ViewControllerPreview.swift */ = {isa = PBXFileReference; lastKnownFileType = sourcecode.swift; path = ViewControllerPreview.swift; sourceTree = "<group>"; };
		6F252CD32AE4040A00BE8439 /* FirebaseService.swift */ = {isa = PBXFileReference; lastKnownFileType = sourcecode.swift; path = FirebaseService.swift; sourceTree = "<group>"; };
		6F3D9F6E2AD59AC80056F4C5 /* CameraViewModel.swift */ = {isa = PBXFileReference; lastKnownFileType = sourcecode.swift; path = CameraViewModel.swift; sourceTree = "<group>"; };
		6F3D9F712AD5F52C0056F4C5 /* ProfileViewController.swift */ = {isa = PBXFileReference; lastKnownFileType = sourcecode.swift; path = ProfileViewController.swift; sourceTree = "<group>"; };
		6F3D9F732AD5F5580056F4C5 /* ReportListCustomTableViewCell.swift */ = {isa = PBXFileReference; lastKnownFileType = sourcecode.swift; path = ReportListCustomTableViewCell.swift; sourceTree = "<group>"; };
		6F494D512AF014C5001036DE /* Vote.swift */ = {isa = PBXFileReference; lastKnownFileType = sourcecode.swift; path = Vote.swift; sourceTree = "<group>"; };
		6F581EC92AF1CF9500CFAD93 /* PreviewReport.swift */ = {isa = PBXFileReference; lastKnownFileType = sourcecode.swift; path = PreviewReport.swift; sourceTree = "<group>"; };
		6F5BC1BC2AF7E97900C8E218 /* Keychain.swift */ = {isa = PBXFileReference; lastKnownFileType = sourcecode.swift; path = Keychain.swift; sourceTree = "<group>"; };
		6F5BC1BF2AF945B000C8E218 /* SuccessMessageViewController.swift */ = {isa = PBXFileReference; lastKnownFileType = sourcecode.swift; path = SuccessMessageViewController.swift; sourceTree = "<group>"; };
		6F7E79D52AE9C75E00B12C51 /* User.swift */ = {isa = PBXFileReference; lastKnownFileType = sourcecode.swift; path = User.swift; sourceTree = "<group>"; };
		6F927C1E2ADB21DA000FD630 /* FinalReportViewModel.swift */ = {isa = PBXFileReference; lastKnownFileType = sourcecode.swift; path = FinalReportViewModel.swift; sourceTree = "<group>"; };
		6F927C202ADB2551000FD630 /* MapViewModel.swift */ = {isa = PBXFileReference; lastKnownFileType = sourcecode.swift; path = MapViewModel.swift; sourceTree = "<group>"; };
		6FCE0EF72AE26EBC00FE3159 /* UserReportedLocationsViewController.swift */ = {isa = PBXFileReference; lastKnownFileType = sourcecode.swift; path = UserReportedLocationsViewController.swift; sourceTree = "<group>"; };
		6FE3FB822ADE717000F39F10 /* FireReport.swift */ = {isa = PBXFileReference; lastKnownFileType = sourcecode.swift; path = FireReport.swift; sourceTree = "<group>"; };
		6FE901392ACC51FC00984C73 /* FireReporter.app */ = {isa = PBXFileReference; explicitFileType = wrapper.application; includeInIndex = 0; path = FireReporter.app; sourceTree = BUILT_PRODUCTS_DIR; };
		6FE9013C2ACC51FC00984C73 /* AppDelegate.swift */ = {isa = PBXFileReference; lastKnownFileType = sourcecode.swift; path = AppDelegate.swift; sourceTree = "<group>"; };
		6FE9013E2ACC51FC00984C73 /* SceneDelegate.swift */ = {isa = PBXFileReference; lastKnownFileType = sourcecode.swift; path = SceneDelegate.swift; sourceTree = "<group>"; };
		6FE901402ACC51FC00984C73 /* CameraViewController.swift */ = {isa = PBXFileReference; lastKnownFileType = sourcecode.swift; path = CameraViewController.swift; sourceTree = "<group>"; };
		6FE901452ACC51FE00984C73 /* Assets.xcassets */ = {isa = PBXFileReference; lastKnownFileType = folder.assetcatalog; path = Assets.xcassets; sourceTree = "<group>"; };
		6FE901482ACC51FE00984C73 /* Base */ = {isa = PBXFileReference; lastKnownFileType = file.storyboard; name = Base; path = Base.lproj/LaunchScreen.storyboard; sourceTree = "<group>"; };
		6FE9014A2ACC51FE00984C73 /* Info.plist */ = {isa = PBXFileReference; lastKnownFileType = text.plist.xml; path = Info.plist; sourceTree = "<group>"; };
		6FE9014F2ACC51FF00984C73 /* FireReporterTests.xctest */ = {isa = PBXFileReference; explicitFileType = wrapper.cfbundle; includeInIndex = 0; path = FireReporterTests.xctest; sourceTree = BUILT_PRODUCTS_DIR; };
		6FE901532ACC51FF00984C73 /* FireReporterTests.swift */ = {isa = PBXFileReference; lastKnownFileType = sourcecode.swift; path = FireReporterTests.swift; sourceTree = "<group>"; };
		6FE901592ACC51FF00984C73 /* FireReporterUITests.xctest */ = {isa = PBXFileReference; explicitFileType = wrapper.cfbundle; includeInIndex = 0; path = FireReporterUITests.xctest; sourceTree = BUILT_PRODUCTS_DIR; };
		6FE9015D2ACC51FF00984C73 /* FireReporterUITests.swift */ = {isa = PBXFileReference; lastKnownFileType = sourcecode.swift; path = FireReporterUITests.swift; sourceTree = "<group>"; };
		6FE9015F2ACC51FF00984C73 /* FireReporterUITestsLaunchTests.swift */ = {isa = PBXFileReference; lastKnownFileType = sourcecode.swift; path = FireReporterUITestsLaunchTests.swift; sourceTree = "<group>"; };
		6FEDE2BD2ACF018400D77FE2 /* NavigationController.swift */ = {isa = PBXFileReference; lastKnownFileType = sourcecode.swift; path = NavigationController.swift; sourceTree = "<group>"; };
		6FFD0DCA2AD30496001F64BA /* FinalReportViewController.swift */ = {isa = PBXFileReference; lastKnownFileType = sourcecode.swift; path = FinalReportViewController.swift; sourceTree = "<group>"; };
		6FFF6BEA2AFECD380009E2AC /* Authentication.swift */ = {isa = PBXFileReference; lastKnownFileType = sourcecode.swift; path = Authentication.swift; sourceTree = "<group>"; };
/* End PBXFileReference section */

/* Begin PBXFrameworksBuildPhase section */
		6FE901362ACC51FC00984C73 /* Frameworks */ = {
			isa = PBXFrameworksBuildPhase;
			buildActionMask = 2147483647;
			files = (
				6FE3FB7D2ADDDF9A00F39F10 /* FirebaseAuth in Frameworks */,
				6F252CCC2AE2CC3600BE8439 /* FacebookCore in Frameworks */,
				6F252CCE2AE2CC3600BE8439 /* FacebookLogin in Frameworks */,
				6FE3FB7F2ADDDF9A00F39F10 /* FirebaseFirestore in Frameworks */,
				6F252CC52AE2889700BE8439 /* GoogleSignIn in Frameworks */,
				6F252CC72AE2889700BE8439 /* GoogleSignInSwift in Frameworks */,
				6F99E86B2AEBF06000ABA7A0 /* FacebookShare in Frameworks */,
				6F9304C72AFA8B49006892E7 /* FirebaseRemoteConfig in Frameworks */,
			);
			runOnlyForDeploymentPostprocessing = 0;
		};
		6FE9014C2ACC51FF00984C73 /* Frameworks */ = {
			isa = PBXFrameworksBuildPhase;
			buildActionMask = 2147483647;
			files = (
			);
			runOnlyForDeploymentPostprocessing = 0;
		};
		6FE901562ACC51FF00984C73 /* Frameworks */ = {
			isa = PBXFrameworksBuildPhase;
			buildActionMask = 2147483647;
			files = (
			);
			runOnlyForDeploymentPostprocessing = 0;
		};
/* End PBXFrameworksBuildPhase section */

/* Begin PBXGroup section */
		6F0F6A492B00386500DD5F7A /* TabBarNavBar */ = {
			isa = PBXGroup;
			children = (
				6FEDE2BD2ACF018400D77FE2 /* NavigationController.swift */,
				6F0F6A532B00437000DD5F7A /* TabBarViewController.swift */,
			);
			path = TabBarNavBar;
			sourceTree = "<group>";
		};
		6F0F6A4C2B003BEB00DD5F7A /* WildFire */ = {
			isa = PBXGroup;
			children = (
				6F5BC1BE2AF9459100C8E218 /* SuccessfullMessage */,
				6F581EC82AF1CF7000CFAD93 /* Preview */,
				6FB1024D2AD02EC700289D09 /* Map */,
				6FCE0EF62AE26E8300FE3159 /* UserReportedLocations */,
				6FE9016C2ACCA95500984C73 /* Camera */,
				6F3D9F702AD5F4D70056F4C5 /* Profile */,
				6FFD0DC92AD30470001F64BA /* FinalReport */,
				6F0F6A492B00386500DD5F7A /* TabBarNavBar */,
				6F0F6A4D2B003C7E00DD5F7A /* Common */,
				6F0F6A4F2B003D3C00DD5F7A /* ReusableScreens */,
				6FE9013C2ACC51FC00984C73 /* AppDelegate.swift */,
				6F1F8F712AFD83CF00A5CFEA /* ViewControllerPreview.swift */,
				6FE9013E2ACC51FC00984C73 /* SceneDelegate.swift */,
				6FE901452ACC51FE00984C73 /* Assets.xcassets */,
				6F0F6A552B0045F100DD5F7A /* FireReporter.entitlements */,
				6FE901472ACC51FE00984C73 /* LaunchScreen.storyboard */,
				6FE9014A2ACC51FE00984C73 /* Info.plist */,
				6F1A75562AE9064B007C9029 /* GoogleService-Info.plist */,
			);
			path = WildFire;
			sourceTree = "<group>";
		};
		6F0F6A4D2B003C7E00DD5F7A /* Common */ = {
			isa = PBXGroup;
			children = (
				6F1DD2012AD2043900226345 /* Extensions */,
				6FFF6BE92AFECD0B0009E2AC /* Authentication */,
				6FFF6BE82AFECBFF0009E2AC /* Services */,
				6F7E79D42AE9C74100B12C51 /* Models */,
			);
			path = Common;
			sourceTree = "<group>";
		};
		6F0F6A4F2B003D3C00DD5F7A /* ReusableScreens */ = {
			isa = PBXGroup;
			children = (
				6F3D9F732AD5F5580056F4C5 /* ReportListCustomTableViewCell.swift */,
			);
			path = ReusableScreens;
			sourceTree = "<group>";
		};
		6F1DD2012AD2043900226345 /* Extensions */ = {
			isa = PBXGroup;
			children = (
				6F187F312AD4A891005B40B7 /* FireReporter + UIColor.swift */,
				6F1DD2032AD204FD00226345 /* FireReporter + UIAlertControllerExtension.swift */,
				6F0F6A4A2B0038C200DD5F7A /* TableView.swift */,
			);
			path = Extensions;
			sourceTree = "<group>";
		};
		6F252CD22AE4038100BE8439 /* NetworkService */ = {
			isa = PBXGroup;
			children = (
				6F252CD32AE4040A00BE8439 /* FirebaseService.swift */,
			);
			path = NetworkService;
			sourceTree = "<group>";
		};
		6F3D9F702AD5F4D70056F4C5 /* Profile */ = {
			isa = PBXGroup;
			children = (
				6F3D9F712AD5F52C0056F4C5 /* ProfileViewController.swift */,
				6F1A75542AE8778E007C9029 /* ProfileViewModel.swift */,
			);
			path = Profile;
			sourceTree = "<group>";
		};
		6F581EC82AF1CF7000CFAD93 /* Preview */ = {
			isa = PBXGroup;
			children = (
				6F581EC92AF1CF9500CFAD93 /* PreviewReport.swift */,
			);
			path = Preview;
			sourceTree = "<group>";
		};
		6F5BC1BB2AF7E95500C8E218 /* KeychainService */ = {
			isa = PBXGroup;
			children = (
				6F5BC1BC2AF7E97900C8E218 /* Keychain.swift */,
			);
			path = KeychainService;
			sourceTree = "<group>";
		};
		6F5BC1BE2AF9459100C8E218 /* SuccessfullMessage */ = {
			isa = PBXGroup;
			children = (
				6F5BC1BF2AF945B000C8E218 /* SuccessMessageViewController.swift */,
			);
			path = SuccessfullMessage;
			sourceTree = "<group>";
		};
		6F7E79D42AE9C74100B12C51 /* Models */ = {
			isa = PBXGroup;
			children = (
				6FE3FB822ADE717000F39F10 /* FireReport.swift */,
				6F7E79D52AE9C75E00B12C51 /* User.swift */,
				6F1DD2052AD2051000226345 /* UIAlertModel.swift */,
				6F494D512AF014C5001036DE /* Vote.swift */,
			);
			path = Models;
			sourceTree = "<group>";
		};
		6F99E8692AEBF06000ABA7A0 /* Frameworks */ = {
			isa = PBXGroup;
			children = (
			);
			name = Frameworks;
			sourceTree = "<group>";
		};
		6FB1024D2AD02EC700289D09 /* Map */ = {
			isa = PBXGroup;
			children = (
				6F1DD1FF2AD054BD00226345 /* MapViewController.swift */,
				6F927C202ADB2551000FD630 /* MapViewModel.swift */,
			);
			path = Map;
			sourceTree = "<group>";
		};
		6FCE0EF62AE26E8300FE3159 /* UserReportedLocations */ = {
			isa = PBXGroup;
			children = (
				6FCE0EF72AE26EBC00FE3159 /* UserReportedLocationsViewController.swift */,
			);
			path = UserReportedLocations;
			sourceTree = "<group>";
		};
		6FE901302ACC51FC00984C73 = {
			isa = PBXGroup;
			children = (
				6FE9013B2ACC51FC00984C73 /* FireReporter */,
				6FE901522ACC51FF00984C73 /* FireReporterTests */,
				6FE9015C2ACC51FF00984C73 /* FireReporterUITests */,
				6FE9013A2ACC51FC00984C73 /* Products */,
				6F99E8692AEBF06000ABA7A0 /* Frameworks */,
			);
			sourceTree = "<group>";
		};
		6FE9013A2ACC51FC00984C73 /* Products */ = {
			isa = PBXGroup;
			children = (
				6FE901392ACC51FC00984C73 /* FireReporter.app */,
				6FE9014F2ACC51FF00984C73 /* FireReporterTests.xctest */,
				6FE901592ACC51FF00984C73 /* FireReporterUITests.xctest */,
			);
			name = Products;
			sourceTree = "<group>";
		};
		6FE9013B2ACC51FC00984C73 /* FireReporter */ = {
			isa = PBXGroup;
			children = (
				6F0F6A4C2B003BEB00DD5F7A /* WildFire */,
			);
			path = FireReporter;
			sourceTree = "<group>";
		};
		6FE901522ACC51FF00984C73 /* FireReporterTests */ = {
			isa = PBXGroup;
			children = (
				6FE901532ACC51FF00984C73 /* FireReporterTests.swift */,
			);
			path = FireReporterTests;
			sourceTree = "<group>";
		};
		6FE9015C2ACC51FF00984C73 /* FireReporterUITests */ = {
			isa = PBXGroup;
			children = (
				6FE9015D2ACC51FF00984C73 /* FireReporterUITests.swift */,
				6FE9015F2ACC51FF00984C73 /* FireReporterUITestsLaunchTests.swift */,
			);
			path = FireReporterUITests;
			sourceTree = "<group>";
		};
		6FE9016C2ACCA95500984C73 /* Camera */ = {
			isa = PBXGroup;
			children = (
				6FE901402ACC51FC00984C73 /* CameraViewController.swift */,
				6F3D9F6E2AD59AC80056F4C5 /* CameraViewModel.swift */,
			);
			path = Camera;
			sourceTree = "<group>";
		};
		6FFD0DC92AD30470001F64BA /* FinalReport */ = {
			isa = PBXGroup;
			children = (
				6FFD0DCA2AD30496001F64BA /* FinalReportViewController.swift */,
				6F927C1E2ADB21DA000FD630 /* FinalReportViewModel.swift */,
			);
			path = FinalReport;
			sourceTree = "<group>";
		};
		6FFF6BE82AFECBFF0009E2AC /* Services */ = {
			isa = PBXGroup;
			children = (
				6F252CD22AE4038100BE8439 /* NetworkService */,
				6F5BC1BB2AF7E95500C8E218 /* KeychainService */,
			);
			path = Services;
			sourceTree = "<group>";
		};
		6FFF6BE92AFECD0B0009E2AC /* Authentication */ = {
			isa = PBXGroup;
			children = (
				6FFF6BEA2AFECD380009E2AC /* Authentication.swift */,
				6F0F6A422AFEE28400DD5F7A /* AppleAuth.swift */,
			);
			path = Authentication;
			sourceTree = "<group>";
		};
/* End PBXGroup section */

/* Begin PBXNativeTarget section */
		6FE901382ACC51FC00984C73 /* FireReporter */ = {
			isa = PBXNativeTarget;
			buildConfigurationList = 6FE901632ACC51FF00984C73 /* Build configuration list for PBXNativeTarget "FireReporter" */;
			buildPhases = (
				6FE901352ACC51FC00984C73 /* Sources */,
				6FE901362ACC51FC00984C73 /* Frameworks */,
				6FE901372ACC51FC00984C73 /* Resources */,
			);
			buildRules = (
			);
			dependencies = (
			);
			name = FireReporter;
			packageProductDependencies = (
				6FE3FB7C2ADDDF9A00F39F10 /* FirebaseAuth */,
				6FE3FB7E2ADDDF9A00F39F10 /* FirebaseFirestore */,
				6F252CC42AE2889700BE8439 /* GoogleSignIn */,
				6F252CC62AE2889700BE8439 /* GoogleSignInSwift */,
				6F252CCB2AE2CC3600BE8439 /* FacebookCore */,
				6F252CCD2AE2CC3600BE8439 /* FacebookLogin */,
				6F99E86A2AEBF06000ABA7A0 /* FacebookShare */,
				6F9304C62AFA8B49006892E7 /* FirebaseRemoteConfig */,
			);
			productName = FireReporter;
			productReference = 6FE901392ACC51FC00984C73 /* FireReporter.app */;
			productType = "com.apple.product-type.application";
		};
		6FE9014E2ACC51FF00984C73 /* FireReporterTests */ = {
			isa = PBXNativeTarget;
			buildConfigurationList = 6FE901662ACC51FF00984C73 /* Build configuration list for PBXNativeTarget "FireReporterTests" */;
			buildPhases = (
				6FE9014B2ACC51FF00984C73 /* Sources */,
				6FE9014C2ACC51FF00984C73 /* Frameworks */,
				6FE9014D2ACC51FF00984C73 /* Resources */,
			);
			buildRules = (
			);
			dependencies = (
				6FE901512ACC51FF00984C73 /* PBXTargetDependency */,
			);
			name = FireReporterTests;
			productName = FireReporterTests;
			productReference = 6FE9014F2ACC51FF00984C73 /* FireReporterTests.xctest */;
			productType = "com.apple.product-type.bundle.unit-test";
		};
		6FE901582ACC51FF00984C73 /* FireReporterUITests */ = {
			isa = PBXNativeTarget;
			buildConfigurationList = 6FE901692ACC51FF00984C73 /* Build configuration list for PBXNativeTarget "FireReporterUITests" */;
			buildPhases = (
				6FE901552ACC51FF00984C73 /* Sources */,
				6FE901562ACC51FF00984C73 /* Frameworks */,
				6FE901572ACC51FF00984C73 /* Resources */,
			);
			buildRules = (
			);
			dependencies = (
				6FE9015B2ACC51FF00984C73 /* PBXTargetDependency */,
			);
			name = FireReporterUITests;
			productName = FireReporterUITests;
			productReference = 6FE901592ACC51FF00984C73 /* FireReporterUITests.xctest */;
			productType = "com.apple.product-type.bundle.ui-testing";
		};
/* End PBXNativeTarget section */

/* Begin PBXProject section */
		6FE901312ACC51FC00984C73 /* Project object */ = {
			isa = PBXProject;
			attributes = {
				BuildIndependentTargetsInParallel = 1;
				LastSwiftUpdateCheck = 1430;
				LastUpgradeCheck = 1430;
				TargetAttributes = {
					6FE901382ACC51FC00984C73 = {
						CreatedOnToolsVersion = 14.3.1;
					};
					6FE9014E2ACC51FF00984C73 = {
						CreatedOnToolsVersion = 14.3.1;
						TestTargetID = 6FE901382ACC51FC00984C73;
					};
					6FE901582ACC51FF00984C73 = {
						CreatedOnToolsVersion = 14.3.1;
						TestTargetID = 6FE901382ACC51FC00984C73;
					};
				};
			};
			buildConfigurationList = 6FE901342ACC51FC00984C73 /* Build configuration list for PBXProject "FireReporter" */;
			compatibilityVersion = "Xcode 14.0";
			developmentRegion = en;
			hasScannedForEncodings = 0;
			knownRegions = (
				en,
				Base,
			);
			mainGroup = 6FE901302ACC51FC00984C73;
			packageReferences = (
				6FE3FB7B2ADDDF9A00F39F10 /* XCRemoteSwiftPackageReference "firebase-ios-sdk" */,
				6F252CC32AE2889700BE8439 /* XCRemoteSwiftPackageReference "GoogleSignIn-iOS" */,
				6F252CCA2AE2CC3600BE8439 /* XCRemoteSwiftPackageReference "facebook-ios-sdk" */,
			);
			productRefGroup = 6FE9013A2ACC51FC00984C73 /* Products */;
			projectDirPath = "";
			projectRoot = "";
			targets = (
				6FE901382ACC51FC00984C73 /* FireReporter */,
				6FE9014E2ACC51FF00984C73 /* FireReporterTests */,
				6FE901582ACC51FF00984C73 /* FireReporterUITests */,
			);
		};
/* End PBXProject section */

/* Begin PBXResourcesBuildPhase section */
		6FE901372ACC51FC00984C73 /* Resources */ = {
			isa = PBXResourcesBuildPhase;
			buildActionMask = 2147483647;
			files = (
				6FE901492ACC51FE00984C73 /* LaunchScreen.storyboard in Resources */,
				6F1A75572AE9064B007C9029 /* GoogleService-Info.plist in Resources */,
				6FE901462ACC51FE00984C73 /* Assets.xcassets in Resources */,
			);
			runOnlyForDeploymentPostprocessing = 0;
		};
		6FE9014D2ACC51FF00984C73 /* Resources */ = {
			isa = PBXResourcesBuildPhase;
			buildActionMask = 2147483647;
			files = (
			);
			runOnlyForDeploymentPostprocessing = 0;
		};
		6FE901572ACC51FF00984C73 /* Resources */ = {
			isa = PBXResourcesBuildPhase;
			buildActionMask = 2147483647;
			files = (
			);
			runOnlyForDeploymentPostprocessing = 0;
		};
/* End PBXResourcesBuildPhase section */

/* Begin PBXSourcesBuildPhase section */
		6FE901352ACC51FC00984C73 /* Sources */ = {
			isa = PBXSourcesBuildPhase;
			buildActionMask = 2147483647;
			files = (
				6F3D9F742AD5F5580056F4C5 /* ReportListCustomTableViewCell.swift in Sources */,
				6F0F6A4B2B0038C200DD5F7A /* TableView.swift in Sources */,
				6F1F8F722AFD83CF00A5CFEA /* ViewControllerPreview.swift in Sources */,
				6FE901412ACC51FC00984C73 /* CameraViewController.swift in Sources */,
				6F3D9F722AD5F52C0056F4C5 /* ProfileViewController.swift in Sources */,
				6FE3FB832ADE717000F39F10 /* FireReport.swift in Sources */,
				6FE9013D2ACC51FC00984C73 /* AppDelegate.swift in Sources */,
				6F1DD2062AD2051000226345 /* UIAlertModel.swift in Sources */,
				6F5BC1C02AF945B000C8E218 /* SuccessMessageViewController.swift in Sources */,
				6F1A75552AE8778E007C9029 /* ProfileViewModel.swift in Sources */,
				6F494D522AF014C5001036DE /* Vote.swift in Sources */,
				6F252CD42AE4040A00BE8439 /* FirebaseService.swift in Sources */,
				6FE9013F2ACC51FC00984C73 /* SceneDelegate.swift in Sources */,
				6F927C1F2ADB21DA000FD630 /* FinalReportViewModel.swift in Sources */,
				6F7E79D62AE9C75E00B12C51 /* User.swift in Sources */,
				6F581ECA2AF1CF9500CFAD93 /* PreviewReport.swift in Sources */,
				6F187F322AD4A891005B40B7 /* FireReporter + UIColor.swift in Sources */,
				6F0F6A432AFEE28400DD5F7A /* AppleAuth.swift in Sources */,
				6F3D9F6F2AD59AC80056F4C5 /* CameraViewModel.swift in Sources */,
				6FFF6BEB2AFECD380009E2AC /* Authentication.swift in Sources */,
				6FFD0DCB2AD30496001F64BA /* FinalReportViewController.swift in Sources */,
				6F927C212ADB2551000FD630 /* MapViewModel.swift in Sources */,
				6F5BC1BD2AF7E97900C8E218 /* Keychain.swift in Sources */,
				6F1DD2042AD204FD00226345 /* FireReporter + UIAlertControllerExtension.swift in Sources */,
				6FEDE2BE2ACF018400D77FE2 /* NavigationController.swift in Sources */,
				6F1DD2002AD054BD00226345 /* MapViewController.swift in Sources */,
				6FCE0EF82AE26EBC00FE3159 /* UserReportedLocationsViewController.swift in Sources */,
				6F0F6A542B00437000DD5F7A /* TabBarViewController.swift in Sources */,
			);
			runOnlyForDeploymentPostprocessing = 0;
		};
		6FE9014B2ACC51FF00984C73 /* Sources */ = {
			isa = PBXSourcesBuildPhase;
			buildActionMask = 2147483647;
			files = (
				6FE901542ACC51FF00984C73 /* FireReporterTests.swift in Sources */,
			);
			runOnlyForDeploymentPostprocessing = 0;
		};
		6FE901552ACC51FF00984C73 /* Sources */ = {
			isa = PBXSourcesBuildPhase;
			buildActionMask = 2147483647;
			files = (
				6FE9015E2ACC51FF00984C73 /* FireReporterUITests.swift in Sources */,
				6FE901602ACC51FF00984C73 /* FireReporterUITestsLaunchTests.swift in Sources */,
			);
			runOnlyForDeploymentPostprocessing = 0;
		};
/* End PBXSourcesBuildPhase section */

/* Begin PBXTargetDependency section */
		6FE901512ACC51FF00984C73 /* PBXTargetDependency */ = {
			isa = PBXTargetDependency;
			target = 6FE901382ACC51FC00984C73 /* FireReporter */;
			targetProxy = 6FE901502ACC51FF00984C73 /* PBXContainerItemProxy */;
		};
		6FE9015B2ACC51FF00984C73 /* PBXTargetDependency */ = {
			isa = PBXTargetDependency;
			target = 6FE901382ACC51FC00984C73 /* FireReporter */;
			targetProxy = 6FE9015A2ACC51FF00984C73 /* PBXContainerItemProxy */;
		};
/* End PBXTargetDependency section */

/* Begin PBXVariantGroup section */
		6FE901472ACC51FE00984C73 /* LaunchScreen.storyboard */ = {
			isa = PBXVariantGroup;
			children = (
				6FE901482ACC51FE00984C73 /* Base */,
			);
			name = LaunchScreen.storyboard;
			sourceTree = "<group>";
		};
/* End PBXVariantGroup section */

/* Begin XCBuildConfiguration section */
		6FE901612ACC51FF00984C73 /* Debug */ = {
			isa = XCBuildConfiguration;
			buildSettings = {
				ALWAYS_SEARCH_USER_PATHS = NO;
				CLANG_ANALYZER_NONNULL = YES;
				CLANG_ANALYZER_NUMBER_OBJECT_CONVERSION = YES_AGGRESSIVE;
				CLANG_CXX_LANGUAGE_STANDARD = "gnu++20";
				CLANG_ENABLE_MODULES = YES;
				CLANG_ENABLE_OBJC_ARC = YES;
				CLANG_ENABLE_OBJC_WEAK = YES;
				CLANG_WARN_BLOCK_CAPTURE_AUTORELEASING = YES;
				CLANG_WARN_BOOL_CONVERSION = YES;
				CLANG_WARN_COMMA = YES;
				CLANG_WARN_CONSTANT_CONVERSION = YES;
				CLANG_WARN_DEPRECATED_OBJC_IMPLEMENTATIONS = YES;
				CLANG_WARN_DIRECT_OBJC_ISA_USAGE = YES_ERROR;
				CLANG_WARN_DOCUMENTATION_COMMENTS = YES;
				CLANG_WARN_EMPTY_BODY = YES;
				CLANG_WARN_ENUM_CONVERSION = YES;
				CLANG_WARN_INFINITE_RECURSION = YES;
				CLANG_WARN_INT_CONVERSION = YES;
				CLANG_WARN_NON_LITERAL_NULL_CONVERSION = YES;
				CLANG_WARN_OBJC_IMPLICIT_RETAIN_SELF = YES;
				CLANG_WARN_OBJC_LITERAL_CONVERSION = YES;
				CLANG_WARN_OBJC_ROOT_CLASS = YES_ERROR;
				CLANG_WARN_QUOTED_INCLUDE_IN_FRAMEWORK_HEADER = YES;
				CLANG_WARN_RANGE_LOOP_ANALYSIS = YES;
				CLANG_WARN_STRICT_PROTOTYPES = YES;
				CLANG_WARN_SUSPICIOUS_MOVE = YES;
				CLANG_WARN_UNGUARDED_AVAILABILITY = YES_AGGRESSIVE;
				CLANG_WARN_UNREACHABLE_CODE = YES;
				CLANG_WARN__DUPLICATE_METHOD_MATCH = YES;
				COPY_PHASE_STRIP = NO;
				DEBUG_INFORMATION_FORMAT = dwarf;
				ENABLE_STRICT_OBJC_MSGSEND = YES;
				ENABLE_TESTABILITY = YES;
				GCC_C_LANGUAGE_STANDARD = gnu11;
				GCC_DYNAMIC_NO_PIC = NO;
				GCC_NO_COMMON_BLOCKS = YES;
				GCC_OPTIMIZATION_LEVEL = 0;
				GCC_PREPROCESSOR_DEFINITIONS = (
					"DEBUG=1",
					"$(inherited)",
				);
				GCC_WARN_64_TO_32_BIT_CONVERSION = YES;
				GCC_WARN_ABOUT_RETURN_TYPE = YES_ERROR;
				GCC_WARN_UNDECLARED_SELECTOR = YES;
				GCC_WARN_UNINITIALIZED_AUTOS = YES_AGGRESSIVE;
				GCC_WARN_UNUSED_FUNCTION = YES;
				GCC_WARN_UNUSED_VARIABLE = YES;
				IPHONEOS_DEPLOYMENT_TARGET = 16.4;
				MTL_ENABLE_DEBUG_INFO = INCLUDE_SOURCE;
				MTL_FAST_MATH = YES;
				ONLY_ACTIVE_ARCH = YES;
				SDKROOT = iphoneos;
				SWIFT_ACTIVE_COMPILATION_CONDITIONS = DEBUG;
				SWIFT_OPTIMIZATION_LEVEL = "-Onone";
			};
			name = Debug;
		};
		6FE901622ACC51FF00984C73 /* Release */ = {
			isa = XCBuildConfiguration;
			buildSettings = {
				ALWAYS_SEARCH_USER_PATHS = NO;
				CLANG_ANALYZER_NONNULL = YES;
				CLANG_ANALYZER_NUMBER_OBJECT_CONVERSION = YES_AGGRESSIVE;
				CLANG_CXX_LANGUAGE_STANDARD = "gnu++20";
				CLANG_ENABLE_MODULES = YES;
				CLANG_ENABLE_OBJC_ARC = YES;
				CLANG_ENABLE_OBJC_WEAK = YES;
				CLANG_WARN_BLOCK_CAPTURE_AUTORELEASING = YES;
				CLANG_WARN_BOOL_CONVERSION = YES;
				CLANG_WARN_COMMA = YES;
				CLANG_WARN_CONSTANT_CONVERSION = YES;
				CLANG_WARN_DEPRECATED_OBJC_IMPLEMENTATIONS = YES;
				CLANG_WARN_DIRECT_OBJC_ISA_USAGE = YES_ERROR;
				CLANG_WARN_DOCUMENTATION_COMMENTS = YES;
				CLANG_WARN_EMPTY_BODY = YES;
				CLANG_WARN_ENUM_CONVERSION = YES;
				CLANG_WARN_INFINITE_RECURSION = YES;
				CLANG_WARN_INT_CONVERSION = YES;
				CLANG_WARN_NON_LITERAL_NULL_CONVERSION = YES;
				CLANG_WARN_OBJC_IMPLICIT_RETAIN_SELF = YES;
				CLANG_WARN_OBJC_LITERAL_CONVERSION = YES;
				CLANG_WARN_OBJC_ROOT_CLASS = YES_ERROR;
				CLANG_WARN_QUOTED_INCLUDE_IN_FRAMEWORK_HEADER = YES;
				CLANG_WARN_RANGE_LOOP_ANALYSIS = YES;
				CLANG_WARN_STRICT_PROTOTYPES = YES;
				CLANG_WARN_SUSPICIOUS_MOVE = YES;
				CLANG_WARN_UNGUARDED_AVAILABILITY = YES_AGGRESSIVE;
				CLANG_WARN_UNREACHABLE_CODE = YES;
				CLANG_WARN__DUPLICATE_METHOD_MATCH = YES;
				COPY_PHASE_STRIP = NO;
				DEBUG_INFORMATION_FORMAT = "dwarf-with-dsym";
				ENABLE_NS_ASSERTIONS = NO;
				ENABLE_STRICT_OBJC_MSGSEND = YES;
				GCC_C_LANGUAGE_STANDARD = gnu11;
				GCC_NO_COMMON_BLOCKS = YES;
				GCC_WARN_64_TO_32_BIT_CONVERSION = YES;
				GCC_WARN_ABOUT_RETURN_TYPE = YES_ERROR;
				GCC_WARN_UNDECLARED_SELECTOR = YES;
				GCC_WARN_UNINITIALIZED_AUTOS = YES_AGGRESSIVE;
				GCC_WARN_UNUSED_FUNCTION = YES;
				GCC_WARN_UNUSED_VARIABLE = YES;
				IPHONEOS_DEPLOYMENT_TARGET = 16.4;
				MTL_ENABLE_DEBUG_INFO = NO;
				MTL_FAST_MATH = YES;
				SDKROOT = iphoneos;
				SWIFT_COMPILATION_MODE = wholemodule;
				SWIFT_OPTIMIZATION_LEVEL = "-O";
				VALIDATE_PRODUCT = YES;
			};
			name = Release;
		};
		6FE901642ACC51FF00984C73 /* Debug */ = {
			isa = XCBuildConfiguration;
			buildSettings = {
				ASSETCATALOG_COMPILER_APPICON_NAME = AppIcon;
				ASSETCATALOG_COMPILER_GLOBAL_ACCENT_COLOR_NAME = AccentColor;
				CODE_SIGN_ENTITLEMENTS = FireReporter/WildFire/FireReporter.entitlements;
				CODE_SIGN_STYLE = Automatic;
				CURRENT_PROJECT_VERSION = 1;
				DEVELOPMENT_TEAM = DLFLF8ZQDD;
				GENERATE_INFOPLIST_FILE = YES;
				INFOPLIST_FILE = FireReporter/WildFire/Info.plist;
				INFOPLIST_KEY_CFBundleDisplayName = WildFire;
				INFOPLIST_KEY_NSCameraUsageDescription = "In order to take images and report fire abuses";
				INFOPLIST_KEY_NSLocationAlwaysAndWhenInUseUsageDescription = "We want to help you locate your current location in order to report the fire abuse";
				INFOPLIST_KEY_NSLocationWhenInUseUsageDescription = "We want to help you locate your current location in order to report the fire abuse";
				INFOPLIST_KEY_UIApplicationSupportsIndirectInputEvents = YES;
				INFOPLIST_KEY_UILaunchStoryboardName = LaunchScreen;
				INFOPLIST_KEY_UISupportedInterfaceOrientations_iPad = "UIInterfaceOrientationPortrait UIInterfaceOrientationPortraitUpsideDown UIInterfaceOrientationLandscapeLeft UIInterfaceOrientationLandscapeRight";
				INFOPLIST_KEY_UISupportedInterfaceOrientations_iPhone = "UIInterfaceOrientationPortrait UIInterfaceOrientationLandscapeLeft UIInterfaceOrientationLandscapeRight";
				LD_RUNPATH_SEARCH_PATHS = (
					"$(inherited)",
					"@executable_path/Frameworks",
				);
				MARKETING_VERSION = 1.0;
				OTHER_LDFLAGS = "-ObjC";
				PRODUCT_BUNDLE_IDENTIFIER = example.com.FireReporter1;
				PRODUCT_NAME = "$(TARGET_NAME)";
				SWIFT_EMIT_LOC_STRINGS = YES;
				SWIFT_VERSION = 5.0;
				TARGETED_DEVICE_FAMILY = "1,2";
			};
			name = Debug;
		};
		6FE901652ACC51FF00984C73 /* Release */ = {
			isa = XCBuildConfiguration;
			buildSettings = {
				ASSETCATALOG_COMPILER_APPICON_NAME = AppIcon;
				ASSETCATALOG_COMPILER_GLOBAL_ACCENT_COLOR_NAME = AccentColor;
				CODE_SIGN_ENTITLEMENTS = FireReporter/WildFire/FireReporter.entitlements;
				CODE_SIGN_STYLE = Automatic;
				CURRENT_PROJECT_VERSION = 1;
				DEVELOPMENT_TEAM = DLFLF8ZQDD;
				GENERATE_INFOPLIST_FILE = YES;
				INFOPLIST_FILE = FireReporter/WildFire/Info.plist;
				INFOPLIST_KEY_CFBundleDisplayName = WildFire;
				INFOPLIST_KEY_NSCameraUsageDescription = "In order to take images and report fire abuses";
				INFOPLIST_KEY_NSLocationAlwaysAndWhenInUseUsageDescription = "We want to help you locate your current location in order to report the fire abuse";
				INFOPLIST_KEY_NSLocationWhenInUseUsageDescription = "We want to help you locate your current location in order to report the fire abuse";
				INFOPLIST_KEY_UIApplicationSupportsIndirectInputEvents = YES;
				INFOPLIST_KEY_UILaunchStoryboardName = LaunchScreen;
				INFOPLIST_KEY_UISupportedInterfaceOrientations_iPad = "UIInterfaceOrientationPortrait UIInterfaceOrientationPortraitUpsideDown UIInterfaceOrientationLandscapeLeft UIInterfaceOrientationLandscapeRight";
				INFOPLIST_KEY_UISupportedInterfaceOrientations_iPhone = "UIInterfaceOrientationPortrait UIInterfaceOrientationLandscapeLeft UIInterfaceOrientationLandscapeRight";
				LD_RUNPATH_SEARCH_PATHS = (
					"$(inherited)",
					"@executable_path/Frameworks",
				);
				MARKETING_VERSION = 1.0;
				OTHER_LDFLAGS = "-ObjC";
				PRODUCT_BUNDLE_IDENTIFIER = example.com.FireReporter1;
				PRODUCT_NAME = "$(TARGET_NAME)";
				SWIFT_EMIT_LOC_STRINGS = YES;
				SWIFT_VERSION = 5.0;
				TARGETED_DEVICE_FAMILY = "1,2";
			};
			name = Release;
		};
		6FE901672ACC51FF00984C73 /* Debug */ = {
			isa = XCBuildConfiguration;
			buildSettings = {
				ALWAYS_EMBED_SWIFT_STANDARD_LIBRARIES = YES;
				BUNDLE_LOADER = "$(TEST_HOST)";
				CODE_SIGN_STYLE = Automatic;
				CURRENT_PROJECT_VERSION = 1;
				GENERATE_INFOPLIST_FILE = YES;
				IPHONEOS_DEPLOYMENT_TARGET = 16.4;
				MARKETING_VERSION = 1.0;
				PRODUCT_BUNDLE_IDENTIFIER = example.com.FireReporterTests;
				PRODUCT_NAME = "$(TARGET_NAME)";
				SWIFT_EMIT_LOC_STRINGS = NO;
				SWIFT_VERSION = 5.0;
				TARGETED_DEVICE_FAMILY = "1,2";
				TEST_HOST = "$(BUILT_PRODUCTS_DIR)/FireReporter.app/$(BUNDLE_EXECUTABLE_FOLDER_PATH)/FireReporter";
			};
			name = Debug;
		};
		6FE901682ACC51FF00984C73 /* Release */ = {
			isa = XCBuildConfiguration;
			buildSettings = {
				ALWAYS_EMBED_SWIFT_STANDARD_LIBRARIES = YES;
				BUNDLE_LOADER = "$(TEST_HOST)";
				CODE_SIGN_STYLE = Automatic;
				CURRENT_PROJECT_VERSION = 1;
				GENERATE_INFOPLIST_FILE = YES;
				IPHONEOS_DEPLOYMENT_TARGET = 16.4;
				MARKETING_VERSION = 1.0;
				PRODUCT_BUNDLE_IDENTIFIER = example.com.FireReporterTests;
				PRODUCT_NAME = "$(TARGET_NAME)";
				SWIFT_EMIT_LOC_STRINGS = NO;
				SWIFT_VERSION = 5.0;
				TARGETED_DEVICE_FAMILY = "1,2";
				TEST_HOST = "$(BUILT_PRODUCTS_DIR)/FireReporter.app/$(BUNDLE_EXECUTABLE_FOLDER_PATH)/FireReporter";
			};
			name = Release;
		};
		6FE9016A2ACC51FF00984C73 /* Debug */ = {
			isa = XCBuildConfiguration;
			buildSettings = {
				ALWAYS_EMBED_SWIFT_STANDARD_LIBRARIES = YES;
				CODE_SIGN_STYLE = Automatic;
				CURRENT_PROJECT_VERSION = 1;
				GENERATE_INFOPLIST_FILE = YES;
				MARKETING_VERSION = 1.0;
				PRODUCT_BUNDLE_IDENTIFIER = example.com.FireReporterUITests;
				PRODUCT_NAME = "$(TARGET_NAME)";
				SWIFT_EMIT_LOC_STRINGS = NO;
				SWIFT_VERSION = 5.0;
				TARGETED_DEVICE_FAMILY = "1,2";
				TEST_TARGET_NAME = FireReporter;
			};
			name = Debug;
		};
		6FE9016B2ACC51FF00984C73 /* Release */ = {
			isa = XCBuildConfiguration;
			buildSettings = {
				ALWAYS_EMBED_SWIFT_STANDARD_LIBRARIES = YES;
				CODE_SIGN_STYLE = Automatic;
				CURRENT_PROJECT_VERSION = 1;
				GENERATE_INFOPLIST_FILE = YES;
				MARKETING_VERSION = 1.0;
				PRODUCT_BUNDLE_IDENTIFIER = example.com.FireReporterUITests;
				PRODUCT_NAME = "$(TARGET_NAME)";
				SWIFT_EMIT_LOC_STRINGS = NO;
				SWIFT_VERSION = 5.0;
				TARGETED_DEVICE_FAMILY = "1,2";
				TEST_TARGET_NAME = FireReporter;
			};
			name = Release;
		};
/* End XCBuildConfiguration section */

/* Begin XCConfigurationList section */
		6FE901342ACC51FC00984C73 /* Build configuration list for PBXProject "FireReporter" */ = {
			isa = XCConfigurationList;
			buildConfigurations = (
				6FE901612ACC51FF00984C73 /* Debug */,
				6FE901622ACC51FF00984C73 /* Release */,
			);
			defaultConfigurationIsVisible = 0;
			defaultConfigurationName = Release;
		};
		6FE901632ACC51FF00984C73 /* Build configuration list for PBXNativeTarget "FireReporter" */ = {
			isa = XCConfigurationList;
			buildConfigurations = (
				6FE901642ACC51FF00984C73 /* Debug */,
				6FE901652ACC51FF00984C73 /* Release */,
			);
			defaultConfigurationIsVisible = 0;
			defaultConfigurationName = Release;
		};
		6FE901662ACC51FF00984C73 /* Build configuration list for PBXNativeTarget "FireReporterTests" */ = {
			isa = XCConfigurationList;
			buildConfigurations = (
				6FE901672ACC51FF00984C73 /* Debug */,
				6FE901682ACC51FF00984C73 /* Release */,
			);
			defaultConfigurationIsVisible = 0;
			defaultConfigurationName = Release;
		};
		6FE901692ACC51FF00984C73 /* Build configuration list for PBXNativeTarget "FireReporterUITests" */ = {
			isa = XCConfigurationList;
			buildConfigurations = (
				6FE9016A2ACC51FF00984C73 /* Debug */,
				6FE9016B2ACC51FF00984C73 /* Release */,
			);
			defaultConfigurationIsVisible = 0;
			defaultConfigurationName = Release;
		};
/* End XCConfigurationList section */

/* Begin XCRemoteSwiftPackageReference section */
		6F252CC32AE2889700BE8439 /* XCRemoteSwiftPackageReference "GoogleSignIn-iOS" */ = {
			isa = XCRemoteSwiftPackageReference;
			repositoryURL = "https://github.com/google/GoogleSignIn-iOS";
			requirement = {
				kind = upToNextMajorVersion;
				minimumVersion = 7.0.0;
			};
		};
		6F252CCA2AE2CC3600BE8439 /* XCRemoteSwiftPackageReference "facebook-ios-sdk" */ = {
			isa = XCRemoteSwiftPackageReference;
			repositoryURL = "https://github.com/facebook/facebook-ios-sdk";
			requirement = {
				kind = upToNextMajorVersion;
				minimumVersion = 16.0.0;
			};
		};
		6FE3FB7B2ADDDF9A00F39F10 /* XCRemoteSwiftPackageReference "firebase-ios-sdk" */ = {
			isa = XCRemoteSwiftPackageReference;
			repositoryURL = "https://github.com/firebase/firebase-ios-sdk.git";
			requirement = {
				kind = upToNextMajorVersion;
				minimumVersion = 10.16.0;
			};
		};
/* End XCRemoteSwiftPackageReference section */

/* Begin XCSwiftPackageProductDependency section */
		6F252CC42AE2889700BE8439 /* GoogleSignIn */ = {
			isa = XCSwiftPackageProductDependency;
			package = 6F252CC32AE2889700BE8439 /* XCRemoteSwiftPackageReference "GoogleSignIn-iOS" */;
			productName = GoogleSignIn;
		};
		6F252CC62AE2889700BE8439 /* GoogleSignInSwift */ = {
			isa = XCSwiftPackageProductDependency;
			package = 6F252CC32AE2889700BE8439 /* XCRemoteSwiftPackageReference "GoogleSignIn-iOS" */;
			productName = GoogleSignInSwift;
		};
		6F252CCB2AE2CC3600BE8439 /* FacebookCore */ = {
			isa = XCSwiftPackageProductDependency;
			package = 6F252CCA2AE2CC3600BE8439 /* XCRemoteSwiftPackageReference "facebook-ios-sdk" */;
			productName = FacebookCore;
		};
		6F252CCD2AE2CC3600BE8439 /* FacebookLogin */ = {
			isa = XCSwiftPackageProductDependency;
			package = 6F252CCA2AE2CC3600BE8439 /* XCRemoteSwiftPackageReference "facebook-ios-sdk" */;
			productName = FacebookLogin;
		};
		6F9304C62AFA8B49006892E7 /* FirebaseRemoteConfig */ = {
			isa = XCSwiftPackageProductDependency;
			package = 6FE3FB7B2ADDDF9A00F39F10 /* XCRemoteSwiftPackageReference "firebase-ios-sdk" */;
			productName = FirebaseRemoteConfig;
		};
		6F99E86A2AEBF06000ABA7A0 /* FacebookShare */ = {
			isa = XCSwiftPackageProductDependency;
			package = 6F252CCA2AE2CC3600BE8439 /* XCRemoteSwiftPackageReference "facebook-ios-sdk" */;
			productName = FacebookShare;
		};
		6FE3FB7C2ADDDF9A00F39F10 /* FirebaseAuth */ = {
			isa = XCSwiftPackageProductDependency;
			package = 6FE3FB7B2ADDDF9A00F39F10 /* XCRemoteSwiftPackageReference "firebase-ios-sdk" */;
			productName = FirebaseAuth;
		};
		6FE3FB7E2ADDDF9A00F39F10 /* FirebaseFirestore */ = {
			isa = XCSwiftPackageProductDependency;
			package = 6FE3FB7B2ADDDF9A00F39F10 /* XCRemoteSwiftPackageReference "firebase-ios-sdk" */;
			productName = FirebaseFirestore;
		};
/* End XCSwiftPackageProductDependency section */
	};
	rootObject = 6FE901312ACC51FC00984C73 /* Project object */;
}
